
Microsoft Visual Studio Solution File, Format Version 12.00
# Visual Studio Version 17
VisualStudioVersion = 17.11.35312.102
MinimumVisualStudioVersion = 10.0.40219.1
Project("{FAE04EC0-301F-11D3-BF4B-00C04F79EFBC}") = "Grand_Prix", "Grand_Prix\Grand_Prix.csproj", "{30BC0BF8-DDFF-4D2F-82F9-75B7163AFC31}"
EndProject
Global
	GlobalSection(SolutionConfigurationPlatforms) = preSolution
		Debug|Any CPU = Debug|Any CPU
		Release|Any CPU = Release|Any CPU
	EndGlobalSection
	GlobalSection(ProjectConfigurationPlatforms) = postSolution
		{30BC0BF8-DDFF-4D2F-82F9-75B7163AFC31}.Debug|Any CPU.ActiveCfg = Debug|Any CPU
		{30BC0BF8-DDFF-4D2F-82F9-75B7163AFC31}.Debug|Any CPU.Build.0 = Debug|Any CPU
		{30BC0BF8-DDFF-4D2F-82F9-75B7163AFC31}.Release|Any CPU.ActiveCfg = Release|Any CPU
		{30BC0BF8-DDFF-4D2F-82F9-75B7163AFC31}.Release|Any CPU.Build.0 = Release|Any CPU
	EndGlobalSection
	GlobalSection(SolutionProperties) = preSolution
		HideSolutionNode = FALSE
	EndGlobalSection
	GlobalSection(ExtensibilityGlobals) = postSolution
		SolutionGuid = {27F11F60-3257-4919-BC8E-7F7642C86080}
	EndGlobalSection
EndGlobal
